
Microsoft Visual Studio Solution File, Format Version 12.00
# Visual Studio Version 17
VisualStudioVersion = 17.14.36221.1 d17.14
MinimumVisualStudioVersion = 10.0.40219.1
Project("{2150E333-8FDC-42A3-9474-1A3956D46DE8}") = "SharedLibrary", "SharedLibrary", "{02EA681E-C7D8-13C7-8484-4AC65E1B71E8}"
EndProject
Project("{FAE04EC0-301F-11D3-BF4B-00C04F79EFBC}") = "SharedLibrarySolution", "SharedLibrarySolution\SharedLibrarySolution.csproj", "{180DBF93-0146-410D-B171-1D9C4F086196}"
EndProject
Global
	GlobalSection(SolutionConfigurationPlatforms) = preSolution
		Debug|Any CPU = Debug|Any CPU
		Release|Any CPU = Release|Any CPU
	EndGlobalSection
	GlobalSection(ProjectConfigurationPlatforms) = postSolution
		{180DBF93-0146-410D-B171-1D9C4F086196}.Debug|Any CPU.ActiveCfg = Debug|Any CPU
		{180DBF93-0146-410D-B171-1D9C4F086196}.Debug|Any CPU.Build.0 = Debug|Any CPU
		{180DBF93-0146-410D-B171-1D9C4F086196}.Release|Any CPU.ActiveCfg = Release|Any CPU
		{180DBF93-0146-410D-B171-1D9C4F086196}.Release|Any CPU.Build.0 = Release|Any CPU
	EndGlobalSection
	GlobalSection(SolutionProperties) = preSolution
		HideSolutionNode = FALSE
	EndGlobalSection
	GlobalSection(NestedProjects) = preSolution
		{180DBF93-0146-410D-B171-1D9C4F086196} = {02EA681E-C7D8-13C7-8484-4AC65E1B71E8}
	EndGlobalSection
	GlobalSection(ExtensibilityGlobals) = postSolution
		SolutionGuid = {DB619522-D28B-410E-B7D8-941F3050D8F7}
	EndGlobalSection
EndGlobal
