Microsoft Visual Studio Solution File, Format Version 12.00
# Visual Studio Version 17
VisualStudioVersion = 17.5.2.0
MinimumVisualStudioVersion = 10.0.40219.1
Project("{FAE04EC0-301F-11D3-BF4B-00C04F79EFBC}") = "IdentityService.Infrastructure", "IdentityService.Infrastructure.csproj", "{55DBED8F-B84A-B18C-AB45-1DF55C921982}"
EndProject
Global
	GlobalSection(SolutionConfigurationPlatforms) = preSolution
		Debug|Any CPU = Debug|Any CPU
		Release|Any CPU = Release|Any CPU
	EndGlobalSection
	GlobalSection(ProjectConfigurationPlatforms) = postSolution
		{55DBED8F-B84A-B18C-AB45-1DF55C921982}.Debug|Any CPU.ActiveCfg = Debug|Any CPU
		{55DBED8F-B84A-B18C-AB45-1DF55C921982}.Debug|Any CPU.Build.0 = Debug|Any CPU
		{55DBED8F-B84A-B18C-AB45-1DF55C921982}.Release|Any CPU.ActiveCfg = Release|Any CPU
		{55DBED8F-B84A-B18C-AB45-1DF55C921982}.Release|Any CPU.Build.0 = Release|Any CPU
	EndGlobalSection
	GlobalSection(SolutionProperties) = preSolution
		HideSolutionNode = FALSE
	EndGlobalSection
	GlobalSection(ExtensibilityGlobals) = postSolution
		SolutionGuid = {EEA8C9DE-379C-48C5-9CA7-145994BB75EF}
	EndGlobalSection
EndGlobal
